
Microsoft Visual Studio Solution File, Format Version 12.00
# Visual Studio Version 16
VisualStudioVersion = 16.0.31410.357
MinimumVisualStudioVersion = 10.0.40219.1
Project("{FAE04EC0-301F-11D3-BF4B-00C04F79EFBC}") = "FontExample", "FontExample.csproj", "{7E9A75D6-9092-4323-8F8D-254262A05DB3}"
EndProject
Global
	GlobalSection(SolutionConfigurationPlatforms) = preSolution
		Debug|Any CPU = Debug|Any CPU
		Release|Any CPU = Release|Any CPU
	EndGlobalSection
	GlobalSection(ProjectConfigurationPlatforms) = postSolution
		{7E9A75D6-9092-4323-8F8D-254262A05DB3}.Debug|Any CPU.ActiveCfg = Debug|Any CPU
		{7E9A75D6-9092-4323-8F8D-254262A05DB3}.Debug|Any CPU.Build.0 = Debug|Any CPU
		{7E9A75D6-9092-4323-8F8D-254262A05DB3}.Release|Any CPU.ActiveCfg = Release|Any CPU
		{7E9A75D6-9092-4323-8F8D-254262A05DB3}.Release|Any CPU.Build.0 = Release|Any CPU
	EndGlobalSection
	GlobalSection(SolutionProperties) = preSolution
		HideSolutionNode = FALSE
	EndGlobalSection
	GlobalSection(ExtensibilityGlobals) = postSolution
		SolutionGuid = {465718BD-94F9-41FA-B2A6-FBE504FBA7E8}
	EndGlobalSection
EndGlobal
